
Microsoft Visual Studio Solution File, Format Version 12.00
# Visual Studio 15
VisualStudioVersion = 15.0.27130.0
MinimumVisualStudioVersion = 10.0.40219.1
Project("{FAE04EC0-301F-11D3-BF4B-00C04F79EFBC}") = "WPFScreenBrightness", "WPFScreenBrightness\WPFScreenBrightness.csproj", "{CB3229F5-A572-4268-93AE-62EB0829E277}"
EndProject
Global
	GlobalSection(SolutionConfigurationPlatforms) = preSolution
		Debug|Any CPU = Debug|Any CPU
		Release|Any CPU = Release|Any CPU
	EndGlobalSection
	GlobalSection(ProjectConfigurationPlatforms) = postSolution
		{CB3229F5-A572-4268-93AE-62EB0829E277}.Debug|Any CPU.ActiveCfg = Debug|Any CPU
		{CB3229F5-A572-4268-93AE-62EB0829E277}.Debug|Any CPU.Build.0 = Debug|Any CPU
		{CB3229F5-A572-4268-93AE-62EB0829E277}.Release|Any CPU.ActiveCfg = Release|Any CPU
		{CB3229F5-A572-4268-93AE-62EB0829E277}.Release|Any CPU.Build.0 = Release|Any CPU
	EndGlobalSection
	GlobalSection(SolutionProperties) = preSolution
		HideSolutionNode = FALSE
	EndGlobalSection
	GlobalSection(ExtensibilityGlobals) = postSolution
		SolutionGuid = {78972F4A-4273-48C5-ADBB-F254D68960AE}
	EndGlobalSection
EndGlobal
